
Microsoft Visual Studio Solution File, Format Version 12.00
# Visual Studio Version 17
VisualStudioVersion = 17.4.33213.308
MinimumVisualStudioVersion = 10.0.40219.1
Project("{FAE04EC0-301F-11D3-BF4B-00C04F79EFBC}") = "PDC03_MODULE03.Android", "PDC03_MODULE03\PDC03_MODULE03.Android\PDC03_MODULE03.Android.csproj", "{8C8B2781-B378-44D3-85C4-311D00B33B79}"
EndProject
Project("{FAE04EC0-301F-11D3-BF4B-00C04F79EFBC}") = "PDC03_MODULE03", "PDC03_MODULE03\PDC03_MODULE03\PDC03_MODULE03.csproj", "{B0F8D3B3-2384-4302-B6B5-D9EC003FE909}"
EndProject
Global
	GlobalSection(SolutionConfigurationPlatforms) = preSolution
		Debug|Any CPU = Debug|Any CPU
		Release|Any CPU = Release|Any CPU
	EndGlobalSection
	GlobalSection(ProjectConfigurationPlatforms) = postSolution
		{8C8B2781-B378-44D3-85C4-311D00B33B79}.Debug|Any CPU.ActiveCfg = Debug|Any CPU
		{8C8B2781-B378-44D3-85C4-311D00B33B79}.Debug|Any CPU.Build.0 = Debug|Any CPU
		{8C8B2781-B378-44D3-85C4-311D00B33B79}.Debug|Any CPU.Deploy.0 = Debug|Any CPU
		{8C8B2781-B378-44D3-85C4-311D00B33B79}.Release|Any CPU.ActiveCfg = Release|Any CPU
		{8C8B2781-B378-44D3-85C4-311D00B33B79}.Release|Any CPU.Build.0 = Release|Any CPU
		{8C8B2781-B378-44D3-85C4-311D00B33B79}.Release|Any CPU.Deploy.0 = Release|Any CPU
		{B0F8D3B3-2384-4302-B6B5-D9EC003FE909}.Debug|Any CPU.ActiveCfg = Debug|Any CPU
		{B0F8D3B3-2384-4302-B6B5-D9EC003FE909}.Debug|Any CPU.Build.0 = Debug|Any CPU
		{B0F8D3B3-2384-4302-B6B5-D9EC003FE909}.Debug|Any CPU.Deploy.0 = Debug|Any CPU
		{B0F8D3B3-2384-4302-B6B5-D9EC003FE909}.Release|Any CPU.ActiveCfg = Release|Any CPU
		{B0F8D3B3-2384-4302-B6B5-D9EC003FE909}.Release|Any CPU.Build.0 = Release|Any CPU
		{B0F8D3B3-2384-4302-B6B5-D9EC003FE909}.Release|Any CPU.Deploy.0 = Release|Any CPU
	EndGlobalSection
	GlobalSection(SolutionProperties) = preSolution
		HideSolutionNode = FALSE
	EndGlobalSection
	GlobalSection(ExtensibilityGlobals) = postSolution
		SolutionGuid = {36264A6E-02B5-4282-80B5-37C1FF885A4D}
	EndGlobalSection
EndGlobal
